
Microsoft Visual Studio Solution File, Format Version 12.00
# Visual Studio Version 17
VisualStudioVersion = 17.3.32825.248
MinimumVisualStudioVersion = 10.0.40219.1
Project("{FAE04EC0-301F-11D3-BF4B-00C04F79EFBC}") = "ClassLibrary", "ClassLibrary\ClassLibrary.csproj", "{66D7D7E9-E460-49A4-A21E-3605042BAA30}"
EndProject
Project("{FAE04EC0-301F-11D3-BF4B-00C04F79EFBC}") = "Airline", "Airline\Airline.csproj", "{98E781B6-50E8-4B0B-9735-262B693757A2}"
EndProject
Global
	GlobalSection(SolutionConfigurationPlatforms) = preSolution
		Debug|Any CPU = Debug|Any CPU
		Release|Any CPU = Release|Any CPU
	EndGlobalSection
	GlobalSection(ProjectConfigurationPlatforms) = postSolution
		{66D7D7E9-E460-49A4-A21E-3605042BAA30}.Debug|Any CPU.ActiveCfg = Debug|Any CPU
		{66D7D7E9-E460-49A4-A21E-3605042BAA30}.Debug|Any CPU.Build.0 = Debug|Any CPU
		{66D7D7E9-E460-49A4-A21E-3605042BAA30}.Release|Any CPU.ActiveCfg = Release|Any CPU
		{66D7D7E9-E460-49A4-A21E-3605042BAA30}.Release|Any CPU.Build.0 = Release|Any CPU
		{98E781B6-50E8-4B0B-9735-262B693757A2}.Debug|Any CPU.ActiveCfg = Debug|Any CPU
		{98E781B6-50E8-4B0B-9735-262B693757A2}.Debug|Any CPU.Build.0 = Debug|Any CPU
		{98E781B6-50E8-4B0B-9735-262B693757A2}.Release|Any CPU.ActiveCfg = Release|Any CPU
		{98E781B6-50E8-4B0B-9735-262B693757A2}.Release|Any CPU.Build.0 = Release|Any CPU
	EndGlobalSection
	GlobalSection(SolutionProperties) = preSolution
		HideSolutionNode = FALSE
	EndGlobalSection
	GlobalSection(ExtensibilityGlobals) = postSolution
		SolutionGuid = {B9BAAB5C-29F3-4C93-959C-5F043CDDB2E0}
	EndGlobalSection
EndGlobal
